<Solution>
  <Project Path="AppStatusCode/AppStatusCode.csproj" />
  <Project Path="AuditSvc/AuditSvc.csproj" />
  <Project Path="ClientSvc/ClientSvc.csproj" />
  <Project Path="CredentialSvc/CredentialSvc.csproj" />
  <Project Path="DataTransferObjects/DataTransferObjects.csproj" Id="aac01201-6289-4f9b-ae15-9b07643266c9" />
  <Project Path="DomainModel/DomainModel.csproj" />
  <Project Path="EncryptionSvc/EncryptionSvc.csproj" />
  <Project Path="LayerData/LayerData.csproj" />
  <Project Path="LayerDB/LayerDB.csproj" />
  <Project Path="LoginSvc/LoginSvc.csproj" Id="66fd1057-1785-44ca-9735-f21f680469e3" />
  <Project Path="passwordmanager.client/passwordmanager.client.esproj">
    <Build />
    <Deploy />
  </Project>
  <Project Path="PasswordManager.Server/PasswordManager.Server.csproj" />
  <Project Path="TeamSvc/TeamSvc.csproj" />
  <Project Path="UserSvc/UserSvc.csproj" />
</Solution>
